{
  "name": "test",
  "version": "0.0.1",
  "lockfileVersion": 1,
  "requires": true,
  "dependencies": {
    "@sap/ui5-builder-webide-extension": {
      "version": "1.0.9",
      "resolved": "https://npm.sap.com/@sap/ui5-builder-webide-extension/-/ui5-builder-webide-extension-1.0.9.tgz",
      "integrity": "sha512-Vk5g0TwavqovIobRkTYiOHfmCNlUsVkefobdnBoD2lK4i/ubPRbrFSxTAwUQrIhqc4RBXcERxgVngNS7qgxOhw==",
      "dev": true,
      "requires": {
        "@sap/di.code-validation.core": "1.0.12",
        "@sap/di.code-validation.js": "1.1.7",
        "@sap/di.code-validation.json": "1.0.10",
        "@sap/di.code-validation.xml": "1.1.16",
        "@ui5/fs": "1.0.2"
      }
    }
  }
}
